
Microsoft Visual Studio Solution File, Format Version 12.00
# Visual Studio Version 17
VisualStudioVersion = 17.13.35931.197
MinimumVisualStudioVersion = 10.0.40219.1
Project("{FAE04EC0-301F-11D3-BF4B-00C04F79EFBC}") = "DVLD_project", "DVLD_project\DVLD_project.csproj", "{AD470EE8-D9A3-4DD6-935B-5B365A8657A4}"
EndProject
Project("{2150E333-8FDC-42A3-9474-1A3956D46DE8}") = "Solution Items", "Solution Items", "{8EC462FD-D22E-90A8-E5CE-7E832BA40C5D}"
EndProject
Project("{FAE04EC0-301F-11D3-BF4B-00C04F79EFBC}") = "PeopleDBLayer", "PeopleDBLayer\PeopleDBLayer.csproj", "{4493F710-A7CE-4AF9-884F-ADFA32092A36}"
EndProject
Project("{FAE04EC0-301F-11D3-BF4B-00C04F79EFBC}") = "PeopleBusnisLayer", "PeopleBusnisLayer\PeopleBusnisLayer.csproj", "{F0379672-9E8F-4063-88A8-9A1042805DA9}"
EndProject
Project("{FAE04EC0-301F-11D3-BF4B-00C04F79EFBC}") = "CountriesDBLayer", "CountriesDBLayer\CountriesDBLayer.csproj", "{78817BC3-FE86-422A-873C-9006E2A51D36}"
EndProject
Project("{FAE04EC0-301F-11D3-BF4B-00C04F79EFBC}") = "countriesBusnesLayer", "countriesBusnesLayer\countriesBusnesLayer.csproj", "{A0046862-275B-4EF9-973F-33E08281D03D}"
EndProject
Project("{FAE04EC0-301F-11D3-BF4B-00C04F79EFBC}") = "ApplicationDataLayer", "ApplicationDataLayer\ApplicationDataLayer.csproj", "{22D25DFC-48F8-4D28-8CE9-49CE5CC373D6}"
EndProject
Project("{FAE04EC0-301F-11D3-BF4B-00C04F79EFBC}") = "ApplicationBusnesLayer", "ApplicationBusnesLayer\ApplicationBusnesLayer.csproj", "{69D8A043-D078-430A-812A-D91485C820A4}"
EndProject
Project("{FAE04EC0-301F-11D3-BF4B-00C04F79EFBC}") = "ApplicationTypesDataLayer", "ApplicationTypesDataLayer\ApplicationTypesDataLayer.csproj", "{EEC615F5-0D8D-4E2D-8EF4-38876803D9D5}"
EndProject
Project("{FAE04EC0-301F-11D3-BF4B-00C04F79EFBC}") = "ApplicationTypesBusnesLayer", "ApplicationTypesBusnesLayer\ApplicationTypesBusnesLayer.csproj", "{F8830FE6-6788-4D8F-9D9B-1409B7D48FA1}"
EndProject
Project("{FAE04EC0-301F-11D3-BF4B-00C04F79EFBC}") = "DetainedLicensesDataLayer", "DetainedLicensesDataLayer\DetainedLicensesDataLayer.csproj", "{E97B3395-4EAB-4663-B9E0-C36ECEE829AF}"
EndProject
Project("{FAE04EC0-301F-11D3-BF4B-00C04F79EFBC}") = "DetainedLicensesBusnesLayer", "DetainedLicensesBusnesLayer\DetainedLicensesBusnesLayer.csproj", "{90EB271B-CECF-4255-980F-C88A296FBF5D}"
EndProject
Project("{FAE04EC0-301F-11D3-BF4B-00C04F79EFBC}") = "DriversDataLayer", "DriversDataLayer\DriversDataLayer.csproj", "{3BC33F8F-8E42-4B57-B7FE-033BBF01600C}"
EndProject
Project("{FAE04EC0-301F-11D3-BF4B-00C04F79EFBC}") = "DriversBusnesLayer", "DriversBusnesLayer\DriversBusnesLayer.csproj", "{FB632875-8212-40C9-8028-86FB176D604E}"
EndProject
Project("{FAE04EC0-301F-11D3-BF4B-00C04F79EFBC}") = "InternationalLicensesDataLayer", "InternationalLicensesDataLayer\InternationalLicensesDataLayer.csproj", "{6E00B5E1-D67F-4419-81FB-69673386FD06}"
EndProject
Project("{FAE04EC0-301F-11D3-BF4B-00C04F79EFBC}") = "InternationalLicensesBusnesLayer", "InternationalLicensesBusnesLayer\InternationalLicensesBusnesLayer.csproj", "{E433A7B9-4C7A-46B9-93CF-0056818A07C8}"
EndProject
Project("{FAE04EC0-301F-11D3-BF4B-00C04F79EFBC}") = "LicenseClassesDataLayer", "LicenseClassesDataLayer\LicenseClassesDataLayer.csproj", "{A57EB5C4-D1D0-4734-972C-9D1B0BFAA0B7}"
EndProject
Project("{FAE04EC0-301F-11D3-BF4B-00C04F79EFBC}") = "LicenseClassesBusnesLayes", "LicenseClassesBusnesLayes\LicenseClassesBusnesLayes.csproj", "{494058BF-82C7-4B6D-9001-FFA26E088335}"
EndProject
Project("{FAE04EC0-301F-11D3-BF4B-00C04F79EFBC}") = "LicensesDataLayer", "LicensesDataLayer\LicensesDataLayer.csproj", "{CC764AB1-9662-4BCD-8CA2-AFC04A36DE3B}"
EndProject
Project("{FAE04EC0-301F-11D3-BF4B-00C04F79EFBC}") = "LicensesBusnesLayer", "LicensesBusnesLayer\LicensesBusnesLayer.csproj", "{311E5354-1DFF-465F-8BA7-BA03062981C9}"
EndProject
Project("{FAE04EC0-301F-11D3-BF4B-00C04F79EFBC}") = "LocalDrivingLicenseApplicationsDataLayer", "LocalDrivingLicenseApplicationsDataLayer\LocalDrivingLicenseApplicationsDataLayer.csproj", "{613D1D79-4838-4D01-988B-C773AAA1E3D7}"
EndProject
Project("{FAE04EC0-301F-11D3-BF4B-00C04F79EFBC}") = "LocalDrivingLicenseApplicationsBusnesLayer", "LocalDrivingLicenseApplicationsBusnesLayer\LocalDrivingLicenseApplicationsBusnesLayer.csproj", "{77628137-49D3-4927-B843-9DA6A8792586}"
EndProject
Project("{FAE04EC0-301F-11D3-BF4B-00C04F79EFBC}") = "TestAppointmentsDataLayer", "TestAppointmentsDataLayer\TestAppointmentsDataLayer.csproj", "{0B2F239B-7776-407B-BDD3-1D1C91681936}"
EndProject
Project("{FAE04EC0-301F-11D3-BF4B-00C04F79EFBC}") = "TestAppointmentsBusnesLayer", "TestAppointmentsBusnesLayer\TestAppointmentsBusnesLayer.csproj", "{C90411CB-88CB-44AF-A392-910E2DAF8193}"
EndProject
Project("{FAE04EC0-301F-11D3-BF4B-00C04F79EFBC}") = "TestsDataLayer", "TestsDataLayer\TestsDataLayer.csproj", "{FD0C3303-09F8-412E-86F4-BF9D1449D857}"
EndProject
Project("{FAE04EC0-301F-11D3-BF4B-00C04F79EFBC}") = "TestsBusnesLayer", "TestsBusnesLayer\TestsBusnesLayer.csproj", "{C1ADAE7A-2C6B-470E-9E85-ABD08C10AD5B}"
EndProject
Project("{FAE04EC0-301F-11D3-BF4B-00C04F79EFBC}") = "TestTypesDataLayer", "TestTypesDataLayer\TestTypesDataLayer.csproj", "{87DC6B5E-EA6D-41AF-927C-86A2A85102AB}"
EndProject
Project("{FAE04EC0-301F-11D3-BF4B-00C04F79EFBC}") = "TestTypesBusnesLayer", "TestTypesBusnesLayer\TestTypesBusnesLayer.csproj", "{B362C677-D467-4C0B-ADD2-2EECA62E6C08}"
EndProject
Project("{FAE04EC0-301F-11D3-BF4B-00C04F79EFBC}") = "UsersDataLayer", "UsersDataLayer\UsersDataLayer.csproj", "{545DCBA8-694B-4B02-82DB-F5786757382B}"
EndProject
Project("{FAE04EC0-301F-11D3-BF4B-00C04F79EFBC}") = "UsersBusnesLayer", "UsersBusnesLayer\UsersBusnesLayer.csproj", "{F7F3EFC1-1CB8-4E41-A7F1-35666C56F434}"
EndProject
Project("{2150E333-8FDC-42A3-9474-1A3956D46DE8}") = "People", "People", "{02EA681E-C7D8-13C7-8484-4AC65E1B71E8}"
EndProject
Project("{2150E333-8FDC-42A3-9474-1A3956D46DE8}") = "Users", "Users", "{1F7FCCDF-A182-4F77-895C-AAE4B5EEE57B}"
EndProject
Project("{2150E333-8FDC-42A3-9474-1A3956D46DE8}") = "Applications", "Applications", "{700E202F-F468-41BE-B333-6F8A290B5916}"
EndProject
Project("{2150E333-8FDC-42A3-9474-1A3956D46DE8}") = "Countries", "Countries", "{9D04CAC5-64A7-44EA-9027-822C4BB10938}"
EndProject
Project("{2150E333-8FDC-42A3-9474-1A3956D46DE8}") = "Drivers", "Drivers", "{B5C3BFD7-1E8F-4AEA-979A-CFA90AE464BE}"
EndProject
Project("{2150E333-8FDC-42A3-9474-1A3956D46DE8}") = "Licenses", "Licenses", "{99F9BF74-0ACA-4B26-8B27-0BA560BE86AB}"
EndProject
Project("{2150E333-8FDC-42A3-9474-1A3956D46DE8}") = "Tests", "Tests", "{677306B4-F584-48FE-9D98-A8A28A391CFD}"
EndProject
Project("{2150E333-8FDC-42A3-9474-1A3956D46DE8}") = "Application Types", "Application Types", "{E1496B99-38A6-48C3-87DD-58E1AE1F73BA}"
EndProject
Project("{2150E333-8FDC-42A3-9474-1A3956D46DE8}") = "Applications", "Applications", "{7D7E8F1F-40D5-41A7-B91F-CAC99748A364}"
EndProject
Project("{2150E333-8FDC-42A3-9474-1A3956D46DE8}") = "TestTypes", "TestTypes", "{7459AF05-58A1-4697-847C-E31666D179D3}"
EndProject
Global
	GlobalSection(SolutionConfigurationPlatforms) = preSolution
		Debug|Any CPU = Debug|Any CPU
		Release|Any CPU = Release|Any CPU
	EndGlobalSection
	GlobalSection(ProjectConfigurationPlatforms) = postSolution
		{AD470EE8-D9A3-4DD6-935B-5B365A8657A4}.Debug|Any CPU.ActiveCfg = Debug|Any CPU
		{AD470EE8-D9A3-4DD6-935B-5B365A8657A4}.Debug|Any CPU.Build.0 = Debug|Any CPU
		{AD470EE8-D9A3-4DD6-935B-5B365A8657A4}.Release|Any CPU.ActiveCfg = Release|Any CPU
		{AD470EE8-D9A3-4DD6-935B-5B365A8657A4}.Release|Any CPU.Build.0 = Release|Any CPU
		{4493F710-A7CE-4AF9-884F-ADFA32092A36}.Debug|Any CPU.ActiveCfg = Debug|Any CPU
		{4493F710-A7CE-4AF9-884F-ADFA32092A36}.Debug|Any CPU.Build.0 = Debug|Any CPU
		{4493F710-A7CE-4AF9-884F-ADFA32092A36}.Release|Any CPU.ActiveCfg = Release|Any CPU
		{4493F710-A7CE-4AF9-884F-ADFA32092A36}.Release|Any CPU.Build.0 = Release|Any CPU
		{F0379672-9E8F-4063-88A8-9A1042805DA9}.Debug|Any CPU.ActiveCfg = Debug|Any CPU
		{F0379672-9E8F-4063-88A8-9A1042805DA9}.Debug|Any CPU.Build.0 = Debug|Any CPU
		{F0379672-9E8F-4063-88A8-9A1042805DA9}.Release|Any CPU.ActiveCfg = Release|Any CPU
		{F0379672-9E8F-4063-88A8-9A1042805DA9}.Release|Any CPU.Build.0 = Release|Any CPU
		{78817BC3-FE86-422A-873C-9006E2A51D36}.Debug|Any CPU.ActiveCfg = Debug|Any CPU
		{78817BC3-FE86-422A-873C-9006E2A51D36}.Debug|Any CPU.Build.0 = Debug|Any CPU
		{78817BC3-FE86-422A-873C-9006E2A51D36}.Release|Any CPU.ActiveCfg = Release|Any CPU
		{78817BC3-FE86-422A-873C-9006E2A51D36}.Release|Any CPU.Build.0 = Release|Any CPU
		{A0046862-275B-4EF9-973F-33E08281D03D}.Debug|Any CPU.ActiveCfg = Debug|Any CPU
		{A0046862-275B-4EF9-973F-33E08281D03D}.Debug|Any CPU.Build.0 = Debug|Any CPU
		{A0046862-275B-4EF9-973F-33E08281D03D}.Release|Any CPU.ActiveCfg = Release|Any CPU
		{A0046862-275B-4EF9-973F-33E08281D03D}.Release|Any CPU.Build.0 = Release|Any CPU
		{22D25DFC-48F8-4D28-8CE9-49CE5CC373D6}.Debug|Any CPU.ActiveCfg = Debug|Any CPU
		{22D25DFC-48F8-4D28-8CE9-49CE5CC373D6}.Debug|Any CPU.Build.0 = Debug|Any CPU
		{22D25DFC-48F8-4D28-8CE9-49CE5CC373D6}.Release|Any CPU.ActiveCfg = Release|Any CPU
		{22D25DFC-48F8-4D28-8CE9-49CE5CC373D6}.Release|Any CPU.Build.0 = Release|Any CPU
		{69D8A043-D078-430A-812A-D91485C820A4}.Debug|Any CPU.ActiveCfg = Debug|Any CPU
		{69D8A043-D078-430A-812A-D91485C820A4}.Debug|Any CPU.Build.0 = Debug|Any CPU
		{69D8A043-D078-430A-812A-D91485C820A4}.Release|Any CPU.ActiveCfg = Release|Any CPU
		{69D8A043-D078-430A-812A-D91485C820A4}.Release|Any CPU.Build.0 = Release|Any CPU
		{EEC615F5-0D8D-4E2D-8EF4-38876803D9D5}.Debug|Any CPU.ActiveCfg = Debug|Any CPU
		{EEC615F5-0D8D-4E2D-8EF4-38876803D9D5}.Debug|Any CPU.Build.0 = Debug|Any CPU
		{EEC615F5-0D8D-4E2D-8EF4-38876803D9D5}.Release|Any CPU.ActiveCfg = Release|Any CPU
		{EEC615F5-0D8D-4E2D-8EF4-38876803D9D5}.Release|Any CPU.Build.0 = Release|Any CPU
		{F8830FE6-6788-4D8F-9D9B-1409B7D48FA1}.Debug|Any CPU.ActiveCfg = Debug|Any CPU
		{F8830FE6-6788-4D8F-9D9B-1409B7D48FA1}.Debug|Any CPU.Build.0 = Debug|Any CPU
		{F8830FE6-6788-4D8F-9D9B-1409B7D48FA1}.Release|Any CPU.ActiveCfg = Release|Any CPU
		{F8830FE6-6788-4D8F-9D9B-1409B7D48FA1}.Release|Any CPU.Build.0 = Release|Any CPU
		{E97B3395-4EAB-4663-B9E0-C36ECEE829AF}.Debug|Any CPU.ActiveCfg = Debug|Any CPU
		{E97B3395-4EAB-4663-B9E0-C36ECEE829AF}.Debug|Any CPU.Build.0 = Debug|Any CPU
		{E97B3395-4EAB-4663-B9E0-C36ECEE829AF}.Release|Any CPU.ActiveCfg = Release|Any CPU
		{E97B3395-4EAB-4663-B9E0-C36ECEE829AF}.Release|Any CPU.Build.0 = Release|Any CPU
		{90EB271B-CECF-4255-980F-C88A296FBF5D}.Debug|Any CPU.ActiveCfg = Debug|Any CPU
		{90EB271B-CECF-4255-980F-C88A296FBF5D}.Debug|Any CPU.Build.0 = Debug|Any CPU
		{90EB271B-CECF-4255-980F-C88A296FBF5D}.Release|Any CPU.ActiveCfg = Release|Any CPU
		{90EB271B-CECF-4255-980F-C88A296FBF5D}.Release|Any CPU.Build.0 = Release|Any CPU
		{3BC33F8F-8E42-4B57-B7FE-033BBF01600C}.Debug|Any CPU.ActiveCfg = Debug|Any CPU
		{3BC33F8F-8E42-4B57-B7FE-033BBF01600C}.Debug|Any CPU.Build.0 = Debug|Any CPU
		{3BC33F8F-8E42-4B57-B7FE-033BBF01600C}.Release|Any CPU.ActiveCfg = Release|Any CPU
		{3BC33F8F-8E42-4B57-B7FE-033BBF01600C}.Release|Any CPU.Build.0 = Release|Any CPU
		{FB632875-8212-40C9-8028-86FB176D604E}.Debug|Any CPU.ActiveCfg = Debug|Any CPU
		{FB632875-8212-40C9-8028-86FB176D604E}.Debug|Any CPU.Build.0 = Debug|Any CPU
		{FB632875-8212-40C9-8028-86FB176D604E}.Release|Any CPU.ActiveCfg = Release|Any CPU
		{FB632875-8212-40C9-8028-86FB176D604E}.Release|Any CPU.Build.0 = Release|Any CPU
		{6E00B5E1-D67F-4419-81FB-69673386FD06}.Debug|Any CPU.ActiveCfg = Debug|Any CPU
		{6E00B5E1-D67F-4419-81FB-69673386FD06}.Debug|Any CPU.Build.0 = Debug|Any CPU
		{6E00B5E1-D67F-4419-81FB-69673386FD06}.Release|Any CPU.ActiveCfg = Release|Any CPU
		{6E00B5E1-D67F-4419-81FB-69673386FD06}.Release|Any CPU.Build.0 = Release|Any CPU
		{E433A7B9-4C7A-46B9-93CF-0056818A07C8}.Debug|Any CPU.ActiveCfg = Debug|Any CPU
		{E433A7B9-4C7A-46B9-93CF-0056818A07C8}.Debug|Any CPU.Build.0 = Debug|Any CPU
		{E433A7B9-4C7A-46B9-93CF-0056818A07C8}.Release|Any CPU.ActiveCfg = Release|Any CPU
		{E433A7B9-4C7A-46B9-93CF-0056818A07C8}.Release|Any CPU.Build.0 = Release|Any CPU
		{A57EB5C4-D1D0-4734-972C-9D1B0BFAA0B7}.Debug|Any CPU.ActiveCfg = Debug|Any CPU
		{A57EB5C4-D1D0-4734-972C-9D1B0BFAA0B7}.Debug|Any CPU.Build.0 = Debug|Any CPU
		{A57EB5C4-D1D0-4734-972C-9D1B0BFAA0B7}.Release|Any CPU.ActiveCfg = Release|Any CPU
		{A57EB5C4-D1D0-4734-972C-9D1B0BFAA0B7}.Release|Any CPU.Build.0 = Release|Any CPU
		{494058BF-82C7-4B6D-9001-FFA26E088335}.Debug|Any CPU.ActiveCfg = Debug|Any CPU
		{494058BF-82C7-4B6D-9001-FFA26E088335}.Debug|Any CPU.Build.0 = Debug|Any CPU
		{494058BF-82C7-4B6D-9001-FFA26E088335}.Release|Any CPU.ActiveCfg = Release|Any CPU
		{494058BF-82C7-4B6D-9001-FFA26E088335}.Release|Any CPU.Build.0 = Release|Any CPU
		{CC764AB1-9662-4BCD-8CA2-AFC04A36DE3B}.Debug|Any CPU.ActiveCfg = Debug|Any CPU
		{CC764AB1-9662-4BCD-8CA2-AFC04A36DE3B}.Debug|Any CPU.Build.0 = Debug|Any CPU
		{CC764AB1-9662-4BCD-8CA2-AFC04A36DE3B}.Release|Any CPU.ActiveCfg = Release|Any CPU
		{CC764AB1-9662-4BCD-8CA2-AFC04A36DE3B}.Release|Any CPU.Build.0 = Release|Any CPU
		{311E5354-1DFF-465F-8BA7-BA03062981C9}.Debug|Any CPU.ActiveCfg = Debug|Any CPU
		{311E5354-1DFF-465F-8BA7-BA03062981C9}.Debug|Any CPU.Build.0 = Debug|Any CPU
		{311E5354-1DFF-465F-8BA7-BA03062981C9}.Release|Any CPU.ActiveCfg = Release|Any CPU
		{311E5354-1DFF-465F-8BA7-BA03062981C9}.Release|Any CPU.Build.0 = Release|Any CPU
		{613D1D79-4838-4D01-988B-C773AAA1E3D7}.Debug|Any CPU.ActiveCfg = Debug|Any CPU
		{613D1D79-4838-4D01-988B-C773AAA1E3D7}.Debug|Any CPU.Build.0 = Debug|Any CPU
		{613D1D79-4838-4D01-988B-C773AAA1E3D7}.Release|Any CPU.ActiveCfg = Release|Any CPU
		{613D1D79-4838-4D01-988B-C773AAA1E3D7}.Release|Any CPU.Build.0 = Release|Any CPU
		{77628137-49D3-4927-B843-9DA6A8792586}.Debug|Any CPU.ActiveCfg = Debug|Any CPU
		{77628137-49D3-4927-B843-9DA6A8792586}.Debug|Any CPU.Build.0 = Debug|Any CPU
		{77628137-49D3-4927-B843-9DA6A8792586}.Release|Any CPU.ActiveCfg = Release|Any CPU
		{77628137-49D3-4927-B843-9DA6A8792586}.Release|Any CPU.Build.0 = Release|Any CPU
		{0B2F239B-7776-407B-BDD3-1D1C91681936}.Debug|Any CPU.ActiveCfg = Debug|Any CPU
		{0B2F239B-7776-407B-BDD3-1D1C91681936}.Debug|Any CPU.Build.0 = Debug|Any CPU
		{0B2F239B-7776-407B-BDD3-1D1C91681936}.Release|Any CPU.ActiveCfg = Release|Any CPU
		{0B2F239B-7776-407B-BDD3-1D1C91681936}.Release|Any CPU.Build.0 = Release|Any CPU
		{C90411CB-88CB-44AF-A392-910E2DAF8193}.Debug|Any CPU.ActiveCfg = Debug|Any CPU
		{C90411CB-88CB-44AF-A392-910E2DAF8193}.Debug|Any CPU.Build.0 = Debug|Any CPU
		{C90411CB-88CB-44AF-A392-910E2DAF8193}.Release|Any CPU.ActiveCfg = Release|Any CPU
		{C90411CB-88CB-44AF-A392-910E2DAF8193}.Release|Any CPU.Build.0 = Release|Any CPU
		{FD0C3303-09F8-412E-86F4-BF9D1449D857}.Debug|Any CPU.ActiveCfg = Debug|Any CPU
		{FD0C3303-09F8-412E-86F4-BF9D1449D857}.Debug|Any CPU.Build.0 = Debug|Any CPU
		{FD0C3303-09F8-412E-86F4-BF9D1449D857}.Release|Any CPU.ActiveCfg = Release|Any CPU
		{FD0C3303-09F8-412E-86F4-BF9D1449D857}.Release|Any CPU.Build.0 = Release|Any CPU
		{C1ADAE7A-2C6B-470E-9E85-ABD08C10AD5B}.Debug|Any CPU.ActiveCfg = Debug|Any CPU
		{C1ADAE7A-2C6B-470E-9E85-ABD08C10AD5B}.Debug|Any CPU.Build.0 = Debug|Any CPU
		{C1ADAE7A-2C6B-470E-9E85-ABD08C10AD5B}.Release|Any CPU.ActiveCfg = Release|Any CPU
		{C1ADAE7A-2C6B-470E-9E85-ABD08C10AD5B}.Release|Any CPU.Build.0 = Release|Any CPU
		{87DC6B5E-EA6D-41AF-927C-86A2A85102AB}.Debug|Any CPU.ActiveCfg = Debug|Any CPU
		{87DC6B5E-EA6D-41AF-927C-86A2A85102AB}.Debug|Any CPU.Build.0 = Debug|Any CPU
		{87DC6B5E-EA6D-41AF-927C-86A2A85102AB}.Release|Any CPU.ActiveCfg = Release|Any CPU
		{87DC6B5E-EA6D-41AF-927C-86A2A85102AB}.Release|Any CPU.Build.0 = Release|Any CPU
		{B362C677-D467-4C0B-ADD2-2EECA62E6C08}.Debug|Any CPU.ActiveCfg = Debug|Any CPU
		{B362C677-D467-4C0B-ADD2-2EECA62E6C08}.Debug|Any CPU.Build.0 = Debug|Any CPU
		{B362C677-D467-4C0B-ADD2-2EECA62E6C08}.Release|Any CPU.ActiveCfg = Release|Any CPU
		{B362C677-D467-4C0B-ADD2-2EECA62E6C08}.Release|Any CPU.Build.0 = Release|Any CPU
		{545DCBA8-694B-4B02-82DB-F5786757382B}.Debug|Any CPU.ActiveCfg = Debug|Any CPU
		{545DCBA8-694B-4B02-82DB-F5786757382B}.Debug|Any CPU.Build.0 = Debug|Any CPU
		{545DCBA8-694B-4B02-82DB-F5786757382B}.Release|Any CPU.ActiveCfg = Release|Any CPU
		{545DCBA8-694B-4B02-82DB-F5786757382B}.Release|Any CPU.Build.0 = Release|Any CPU
		{F7F3EFC1-1CB8-4E41-A7F1-35666C56F434}.Debug|Any CPU.ActiveCfg = Debug|Any CPU
		{F7F3EFC1-1CB8-4E41-A7F1-35666C56F434}.Debug|Any CPU.Build.0 = Debug|Any CPU
		{F7F3EFC1-1CB8-4E41-A7F1-35666C56F434}.Release|Any CPU.ActiveCfg = Release|Any CPU
		{F7F3EFC1-1CB8-4E41-A7F1-35666C56F434}.Release|Any CPU.Build.0 = Release|Any CPU
	EndGlobalSection
	GlobalSection(SolutionProperties) = preSolution
		HideSolutionNode = FALSE
	EndGlobalSection
	GlobalSection(NestedProjects) = preSolution
		{4493F710-A7CE-4AF9-884F-ADFA32092A36} = {02EA681E-C7D8-13C7-8484-4AC65E1B71E8}
		{F0379672-9E8F-4063-88A8-9A1042805DA9} = {02EA681E-C7D8-13C7-8484-4AC65E1B71E8}
		{78817BC3-FE86-422A-873C-9006E2A51D36} = {9D04CAC5-64A7-44EA-9027-822C4BB10938}
		{A0046862-275B-4EF9-973F-33E08281D03D} = {9D04CAC5-64A7-44EA-9027-822C4BB10938}
		{22D25DFC-48F8-4D28-8CE9-49CE5CC373D6} = {7D7E8F1F-40D5-41A7-B91F-CAC99748A364}
		{69D8A043-D078-430A-812A-D91485C820A4} = {7D7E8F1F-40D5-41A7-B91F-CAC99748A364}
		{EEC615F5-0D8D-4E2D-8EF4-38876803D9D5} = {E1496B99-38A6-48C3-87DD-58E1AE1F73BA}
		{F8830FE6-6788-4D8F-9D9B-1409B7D48FA1} = {E1496B99-38A6-48C3-87DD-58E1AE1F73BA}
		{E97B3395-4EAB-4663-B9E0-C36ECEE829AF} = {99F9BF74-0ACA-4B26-8B27-0BA560BE86AB}
		{90EB271B-CECF-4255-980F-C88A296FBF5D} = {99F9BF74-0ACA-4B26-8B27-0BA560BE86AB}
		{3BC33F8F-8E42-4B57-B7FE-033BBF01600C} = {B5C3BFD7-1E8F-4AEA-979A-CFA90AE464BE}
		{FB632875-8212-40C9-8028-86FB176D604E} = {B5C3BFD7-1E8F-4AEA-979A-CFA90AE464BE}
		{6E00B5E1-D67F-4419-81FB-69673386FD06} = {99F9BF74-0ACA-4B26-8B27-0BA560BE86AB}
		{E433A7B9-4C7A-46B9-93CF-0056818A07C8} = {99F9BF74-0ACA-4B26-8B27-0BA560BE86AB}
		{A57EB5C4-D1D0-4734-972C-9D1B0BFAA0B7} = {99F9BF74-0ACA-4B26-8B27-0BA560BE86AB}
		{494058BF-82C7-4B6D-9001-FFA26E088335} = {99F9BF74-0ACA-4B26-8B27-0BA560BE86AB}
		{CC764AB1-9662-4BCD-8CA2-AFC04A36DE3B} = {99F9BF74-0ACA-4B26-8B27-0BA560BE86AB}
		{311E5354-1DFF-465F-8BA7-BA03062981C9} = {99F9BF74-0ACA-4B26-8B27-0BA560BE86AB}
		{613D1D79-4838-4D01-988B-C773AAA1E3D7} = {99F9BF74-0ACA-4B26-8B27-0BA560BE86AB}
		{77628137-49D3-4927-B843-9DA6A8792586} = {99F9BF74-0ACA-4B26-8B27-0BA560BE86AB}
		{0B2F239B-7776-407B-BDD3-1D1C91681936} = {677306B4-F584-48FE-9D98-A8A28A391CFD}
		{C90411CB-88CB-44AF-A392-910E2DAF8193} = {677306B4-F584-48FE-9D98-A8A28A391CFD}
		{FD0C3303-09F8-412E-86F4-BF9D1449D857} = {677306B4-F584-48FE-9D98-A8A28A391CFD}
		{C1ADAE7A-2C6B-470E-9E85-ABD08C10AD5B} = {677306B4-F584-48FE-9D98-A8A28A391CFD}
		{87DC6B5E-EA6D-41AF-927C-86A2A85102AB} = {7459AF05-58A1-4697-847C-E31666D179D3}
		{B362C677-D467-4C0B-ADD2-2EECA62E6C08} = {7459AF05-58A1-4697-847C-E31666D179D3}
		{545DCBA8-694B-4B02-82DB-F5786757382B} = {1F7FCCDF-A182-4F77-895C-AAE4B5EEE57B}
		{F7F3EFC1-1CB8-4E41-A7F1-35666C56F434} = {1F7FCCDF-A182-4F77-895C-AAE4B5EEE57B}
		{E1496B99-38A6-48C3-87DD-58E1AE1F73BA} = {700E202F-F468-41BE-B333-6F8A290B5916}
		{7D7E8F1F-40D5-41A7-B91F-CAC99748A364} = {700E202F-F468-41BE-B333-6F8A290B5916}
		{7459AF05-58A1-4697-847C-E31666D179D3} = {677306B4-F584-48FE-9D98-A8A28A391CFD}
	EndGlobalSection
	GlobalSection(ExtensibilityGlobals) = postSolution
		SolutionGuid = {94690240-9386-4F95-A77B-BAA86427C7ED}
	EndGlobalSection
EndGlobal
